
Microsoft Visual Studio Solution File, Format Version 12.00
# Visual Studio Version 17
VisualStudioVersion = 17.7.34202.233
MinimumVisualStudioVersion = 10.0.40219.1
Project("{FAE04EC0-301F-11D3-BF4B-00C04F79EFBC}") = "Gurov_Praktika", "Gurov_Praktika\Gurov_Praktika.csproj", "{FA20AA3D-75A1-4ABC-90BF-16DAF100458B}"
EndProject
Global
	GlobalSection(SolutionConfigurationPlatforms) = preSolution
		Debug|Any CPU = Debug|Any CPU
		Release|Any CPU = Release|Any CPU
	EndGlobalSection
	GlobalSection(ProjectConfigurationPlatforms) = postSolution
		{FA20AA3D-75A1-4ABC-90BF-16DAF100458B}.Debug|Any CPU.ActiveCfg = Debug|Any CPU
		{FA20AA3D-75A1-4ABC-90BF-16DAF100458B}.Debug|Any CPU.Build.0 = Debug|Any CPU
		{FA20AA3D-75A1-4ABC-90BF-16DAF100458B}.Release|Any CPU.ActiveCfg = Release|Any CPU
		{FA20AA3D-75A1-4ABC-90BF-16DAF100458B}.Release|Any CPU.Build.0 = Release|Any CPU
	EndGlobalSection
	GlobalSection(SolutionProperties) = preSolution
		HideSolutionNode = FALSE
	EndGlobalSection
	GlobalSection(ExtensibilityGlobals) = postSolution
		SolutionGuid = {F7909922-A7FD-469E-B55F-2F763D38EA16}
	EndGlobalSection
EndGlobal
